
Microsoft Visual Studio Solution File, Format Version 12.00
# Visual Studio Version 17
VisualStudioVersion = 17.3.32929.385
MinimumVisualStudioVersion = 10.0.40219.1
Project("{9A19103F-16F7-4668-BE54-9A1E7A4F7556}") = "WebApi", "WebApi.csproj", "{D1214125-0D7E-4714-B1DF-78887EEB4101}"
EndProject
Project("{FAE04EC0-301F-11D3-BF4B-00C04F79EFBC}") = "WebApi.UnitTest", "..\WebApi.UnitTest\WebApi.UnitTest.csproj", "{99A38B59-DC30-46A0-A518-DFF50BC6CD93}"
EndProject
Global
	GlobalSection(SolutionConfigurationPlatforms) = preSolution
		Debug|Any CPU = Debug|Any CPU
		Release|Any CPU = Release|Any CPU
	EndGlobalSection
	GlobalSection(ProjectConfigurationPlatforms) = postSolution
		{D1214125-0D7E-4714-B1DF-78887EEB4101}.Debug|Any CPU.ActiveCfg = Debug|Any CPU
		{D1214125-0D7E-4714-B1DF-78887EEB4101}.Debug|Any CPU.Build.0 = Debug|Any CPU
		{D1214125-0D7E-4714-B1DF-78887EEB4101}.Release|Any CPU.ActiveCfg = Release|Any CPU
		{D1214125-0D7E-4714-B1DF-78887EEB4101}.Release|Any CPU.Build.0 = Release|Any CPU
		{99A38B59-DC30-46A0-A518-DFF50BC6CD93}.Debug|Any CPU.ActiveCfg = Debug|Any CPU
		{99A38B59-DC30-46A0-A518-DFF50BC6CD93}.Debug|Any CPU.Build.0 = Debug|Any CPU
		{99A38B59-DC30-46A0-A518-DFF50BC6CD93}.Release|Any CPU.ActiveCfg = Release|Any CPU
		{99A38B59-DC30-46A0-A518-DFF50BC6CD93}.Release|Any CPU.Build.0 = Release|Any CPU
	EndGlobalSection
	GlobalSection(SolutionProperties) = preSolution
		HideSolutionNode = FALSE
	EndGlobalSection
	GlobalSection(ExtensibilityGlobals) = postSolution
		SolutionGuid = {D654BA10-8F34-428B-AFB0-BA472AE9845A}
	EndGlobalSection
EndGlobal
